
Microsoft Visual Studio Solution File, Format Version 12.00
# Visual Studio Version 17
VisualStudioVersion = 17.4.33122.133
MinimumVisualStudioVersion = 10.0.40219.1
Project("{FAE04EC0-301F-11D3-BF4B-00C04F79EFBC}") = "PTTKHTTT1", "PTTKHTTT1\PTTKHTTT1.csproj", "{C1AD70FA-A772-41EA-9523-17AF3BCE7847}"
EndProject
Global
	GlobalSection(SolutionConfigurationPlatforms) = preSolution
		Debug|Any CPU = Debug|Any CPU
		Debug|x64 = Debug|x64
		Release|Any CPU = Release|Any CPU
		Release|x64 = Release|x64
	EndGlobalSection
	GlobalSection(ProjectConfigurationPlatforms) = postSolution
		{C1AD70FA-A772-41EA-9523-17AF3BCE7847}.Debug|Any CPU.ActiveCfg = Debug|Any CPU
		{C1AD70FA-A772-41EA-9523-17AF3BCE7847}.Debug|Any CPU.Build.0 = Debug|Any CPU
		{C1AD70FA-A772-41EA-9523-17AF3BCE7847}.Debug|x64.ActiveCfg = Debug|x64
		{C1AD70FA-A772-41EA-9523-17AF3BCE7847}.Debug|x64.Build.0 = Debug|x64
		{C1AD70FA-A772-41EA-9523-17AF3BCE7847}.Release|Any CPU.ActiveCfg = Release|Any CPU
		{C1AD70FA-A772-41EA-9523-17AF3BCE7847}.Release|Any CPU.Build.0 = Release|Any CPU
		{C1AD70FA-A772-41EA-9523-17AF3BCE7847}.Release|x64.ActiveCfg = Release|x64
		{C1AD70FA-A772-41EA-9523-17AF3BCE7847}.Release|x64.Build.0 = Release|x64
	EndGlobalSection
	GlobalSection(SolutionProperties) = preSolution
		HideSolutionNode = FALSE
	EndGlobalSection
	GlobalSection(ExtensibilityGlobals) = postSolution
		SolutionGuid = {B350A6E9-1564-409E-ABC6-C2E737BDE95C}
	EndGlobalSection
EndGlobal
